
Microsoft Visual Studio Solution File, Format Version 12.00
# Visual Studio Version 17
VisualStudioVersion = 17.10.35122.118
MinimumVisualStudioVersion = 10.0.40219.1
Project("{FAE04EC0-301F-11D3-BF4B-00C04F79EFBC}") = "Deliverable2", "Deliverable2\Deliverable2.csproj", "{C051949C-C25B-49BD-9D6F-8BF05C38952D}"
EndProject
Global
	GlobalSection(SolutionConfigurationPlatforms) = preSolution
		Debug|Any CPU = Debug|Any CPU
		Release|Any CPU = Release|Any CPU
	EndGlobalSection
	GlobalSection(ProjectConfigurationPlatforms) = postSolution
		{C051949C-C25B-49BD-9D6F-8BF05C38952D}.Debug|Any CPU.ActiveCfg = Debug|Any CPU
		{C051949C-C25B-49BD-9D6F-8BF05C38952D}.Debug|Any CPU.Build.0 = Debug|Any CPU
		{C051949C-C25B-49BD-9D6F-8BF05C38952D}.Release|Any CPU.ActiveCfg = Release|Any CPU
		{C051949C-C25B-49BD-9D6F-8BF05C38952D}.Release|Any CPU.Build.0 = Release|Any CPU
	EndGlobalSection
	GlobalSection(SolutionProperties) = preSolution
		HideSolutionNode = FALSE
	EndGlobalSection
	GlobalSection(ExtensibilityGlobals) = postSolution
		SolutionGuid = {B6B7D7C3-5C72-446A-BF5B-3A7FB85CC4EC}
	EndGlobalSection
EndGlobal
